
Microsoft Visual Studio Solution File, Format Version 12.00
# Visual Studio Version 17
VisualStudioVersion = 17.6.33829.357
MinimumVisualStudioVersion = 10.0.40219.1
Project("{FAE04EC0-301F-11D3-BF4B-00C04F79EFBC}") = "1. Diagonal Difference", "1. Diagonal Difference\1. Diagonal Difference.csproj", "{43FA74D7-53AD-47FD-AB18-EE7E54357040}"
EndProject
Project("{FAE04EC0-301F-11D3-BF4B-00C04F79EFBC}") = "2. Squares in Matrix", "2. Squares in Matrix\2. Squares in Matrix.csproj", "{F0A28739-C1D9-4F9F-AE16-6DB262B1390D}"
EndProject
Project("{FAE04EC0-301F-11D3-BF4B-00C04F79EFBC}") = "3. Maximal Sum", "3. Maximal Sum\3. Maximal Sum.csproj", "{96857BC7-86D8-43CA-815B-DA91BC33365A}"
EndProject
Project("{FAE04EC0-301F-11D3-BF4B-00C04F79EFBC}") = "4. Matrix Shuffling", "4. Matrix Shuffling\4. Matrix Shuffling.csproj", "{8285F3E1-EA95-43BB-AB48-CF12CFBD2536}"
EndProject
Project("{FAE04EC0-301F-11D3-BF4B-00C04F79EFBC}") = "5. Snake Moves", "5. Snake Moves\5. Snake Moves.csproj", "{0E250BC8-FD84-4DB8-9F1E-5477B5A4C100}"
EndProject
Project("{FAE04EC0-301F-11D3-BF4B-00C04F79EFBC}") = "6. Jagged Array Manipulator", "6. Jagged Array Manipulator\6. Jagged Array Manipulator.csproj", "{DCE0BB9C-F95D-4F90-8D16-799E59A3B989}"
EndProject
Global
	GlobalSection(SolutionConfigurationPlatforms) = preSolution
		Debug|Any CPU = Debug|Any CPU
		Release|Any CPU = Release|Any CPU
	EndGlobalSection
	GlobalSection(ProjectConfigurationPlatforms) = postSolution
		{43FA74D7-53AD-47FD-AB18-EE7E54357040}.Debug|Any CPU.ActiveCfg = Debug|Any CPU
		{43FA74D7-53AD-47FD-AB18-EE7E54357040}.Debug|Any CPU.Build.0 = Debug|Any CPU
		{43FA74D7-53AD-47FD-AB18-EE7E54357040}.Release|Any CPU.ActiveCfg = Release|Any CPU
		{43FA74D7-53AD-47FD-AB18-EE7E54357040}.Release|Any CPU.Build.0 = Release|Any CPU
		{F0A28739-C1D9-4F9F-AE16-6DB262B1390D}.Debug|Any CPU.ActiveCfg = Debug|Any CPU
		{F0A28739-C1D9-4F9F-AE16-6DB262B1390D}.Debug|Any CPU.Build.0 = Debug|Any CPU
		{F0A28739-C1D9-4F9F-AE16-6DB262B1390D}.Release|Any CPU.ActiveCfg = Release|Any CPU
		{F0A28739-C1D9-4F9F-AE16-6DB262B1390D}.Release|Any CPU.Build.0 = Release|Any CPU
		{96857BC7-86D8-43CA-815B-DA91BC33365A}.Debug|Any CPU.ActiveCfg = Debug|Any CPU
		{96857BC7-86D8-43CA-815B-DA91BC33365A}.Debug|Any CPU.Build.0 = Debug|Any CPU
		{96857BC7-86D8-43CA-815B-DA91BC33365A}.Release|Any CPU.ActiveCfg = Release|Any CPU
		{96857BC7-86D8-43CA-815B-DA91BC33365A}.Release|Any CPU.Build.0 = Release|Any CPU
		{8285F3E1-EA95-43BB-AB48-CF12CFBD2536}.Debug|Any CPU.ActiveCfg = Debug|Any CPU
		{8285F3E1-EA95-43BB-AB48-CF12CFBD2536}.Debug|Any CPU.Build.0 = Debug|Any CPU
		{8285F3E1-EA95-43BB-AB48-CF12CFBD2536}.Release|Any CPU.ActiveCfg = Release|Any CPU
		{8285F3E1-EA95-43BB-AB48-CF12CFBD2536}.Release|Any CPU.Build.0 = Release|Any CPU
		{0E250BC8-FD84-4DB8-9F1E-5477B5A4C100}.Debug|Any CPU.ActiveCfg = Debug|Any CPU
		{0E250BC8-FD84-4DB8-9F1E-5477B5A4C100}.Debug|Any CPU.Build.0 = Debug|Any CPU
		{0E250BC8-FD84-4DB8-9F1E-5477B5A4C100}.Release|Any CPU.ActiveCfg = Release|Any CPU
		{0E250BC8-FD84-4DB8-9F1E-5477B5A4C100}.Release|Any CPU.Build.0 = Release|Any CPU
		{DCE0BB9C-F95D-4F90-8D16-799E59A3B989}.Debug|Any CPU.ActiveCfg = Debug|Any CPU
		{DCE0BB9C-F95D-4F90-8D16-799E59A3B989}.Debug|Any CPU.Build.0 = Debug|Any CPU
		{DCE0BB9C-F95D-4F90-8D16-799E59A3B989}.Release|Any CPU.ActiveCfg = Release|Any CPU
		{DCE0BB9C-F95D-4F90-8D16-799E59A3B989}.Release|Any CPU.Build.0 = Release|Any CPU
	EndGlobalSection
	GlobalSection(SolutionProperties) = preSolution
		HideSolutionNode = FALSE
	EndGlobalSection
	GlobalSection(ExtensibilityGlobals) = postSolution
		SolutionGuid = {8CDE8950-947D-4CD9-BF9D-6339B38529EA}
	EndGlobalSection
EndGlobal
